// !$*UTF8*$!
{
	archiveVersion = 1;
	classes = {
	};
	objectVersion = 50;
	objects = {

/* Begin PBXBuildFile section */
		1635F54422A52BE00071D960 /* AppDelegate.swift in Sources */ = {isa = PBXBuildFile; fileRef = 1635F54322A52BE00071D960 /* AppDelegate.swift */; };
		1635F54622A52BE00071D960 /* ViewController.swift in Sources */ = {isa = PBXBuildFile; fileRef = 1635F54522A52BE00071D960 /* ViewController.swift */; };
		1635F54922A52BE00071D960 /* Main.storyboard in Resources */ = {isa = PBXBuildFile; fileRef = 1635F54722A52BE00071D960 /* Main.storyboard */; };
		1635F54C22A52BE00071D960 /* CoreDataDemo1.xcdatamodeld in Sources */ = {isa = PBXBuildFile; fileRef = 1635F54A22A52BE00071D960 /* CoreDataDemo1.xcdatamodeld */; };
		1635F54E22A52BE10071D960 /* Assets.xcassets in Resources */ = {isa = PBXBuildFile; fileRef = 1635F54D22A52BE10071D960 /* Assets.xcassets */; };
		1635F55122A52BE10071D960 /* LaunchScreen.storyboard in Resources */ = {isa = PBXBuildFile; fileRef = 1635F54F22A52BE10071D960 /* LaunchScreen.storyboard */; };
		1635F55C22A52BE10071D960 /* CoreDataDemo1Tests.swift in Sources */ = {isa = PBXBuildFile; fileRef = 1635F55B22A52BE10071D960 /* CoreDataDemo1Tests.swift */; };
		1635F56722A52BE10071D960 /* CoreDataDemo1UITests.swift in Sources */ = {isa = PBXBuildFile; fileRef = 1635F56622A52BE10071D960 /* CoreDataDemo1UITests.swift */; };
/* End PBXBuildFile section */

/* Begin PBXContainerItemProxy section */
		1635F55822A52BE10071D960 /* PBXContainerItemProxy */ = {
			isa = PBXContainerItemProxy;
			containerPortal = 1635F53822A52BE00071D960 /* Project object */;
			proxyType = 1;
			remoteGlobalIDString = 1635F53F22A52BE00071D960;
			remoteInfo = CoreDataDemo1;
		};
		1635F56322A52BE10071D960 /* PBXContainerItemProxy */ = {
			isa = PBXContainerItemProxy;
			containerPortal = 1635F53822A52BE00071D960 /* Project object */;
			proxyType = 1;
			remoteGlobalIDString = 1635F53F22A52BE00071D960;
			remoteInfo = CoreDataDemo1;
		};
/* End PBXContainerItemProxy section */

/* Begin PBXFileReference section */
		1635F54022A52BE00071D960 /* CoreDataDemo1.app */ = {isa = PBXFileReference; explicitFileType = wrapper.application; includeInIndex = 0; path = CoreDataDemo1.app; sourceTree = BUILT_PRODUCTS_DIR; };
		1635F54322A52BE00071D960 /* AppDelegate.swift */ = {isa = PBXFileReference; lastKnownFileType = sourcecode.swift; path = AppDelegate.swift; sourceTree = "<group>"; };
		1635F54522A52BE00071D960 /* ViewController.swift */ = {isa = PBXFileReference; lastKnownFileType = sourcecode.swift; path = ViewController.swift; sourceTree = "<group>"; };
		1635F54822A52BE00071D960 /* Base */ = {isa = PBXFileReference; lastKnownFileType = file.storyboard; name = Base; path = Base.lproj/Main.storyboard; sourceTree = "<group>"; };
		1635F54B22A52BE00071D960 /* CoreDataDemo1.xcdatamodel */ = {isa = PBXFileReference; lastKnownFileType = wrapper.xcdatamodel; path = CoreDataDemo1.xcdatamodel; sourceTree = "<group>"; };
		1635F54D22A52BE10071D960 /* Assets.xcassets */ = {isa = PBXFileReference; lastKnownFileType = folder.assetcatalog; path = Assets.xcassets; sourceTree = "<group>"; };
		1635F55022A52BE10071D960 /* Base */ = {isa = PBXFileReference; lastKnownFileType = file.storyboard; name = Base; path = Base.lproj/LaunchScreen.storyboard; sourceTree = "<group>"; };
		1635F55222A52BE10071D960 /* Info.plist */ = {isa = PBXFileReference; lastKnownFileType = text.plist.xml; path = Info.plist; sourceTree = "<group>"; };
		1635F55722A52BE10071D960 /* CoreDataDemo1Tests.xctest */ = {isa = PBXFileReference; explicitFileType = wrapper.cfbundle; includeInIndex = 0; path = CoreDataDemo1Tests.xctest; sourceTree = BUILT_PRODUCTS_DIR; };
		1635F55B22A52BE10071D960 /* CoreDataDemo1Tests.swift */ = {isa = PBXFileReference; lastKnownFileType = sourcecode.swift; path = CoreDataDemo1Tests.swift; sourceTree = "<group>"; };
		1635F55D22A52BE10071D960 /* Info.plist */ = {isa = PBXFileReference; lastKnownFileType = text.plist.xml; path = Info.plist; sourceTree = "<group>"; };
		1635F56222A52BE10071D960 /* CoreDataDemo1UITests.xctest */ = {isa = PBXFileReference; explicitFileType = wrapper.cfbundle; includeInIndex = 0; path = CoreDataDemo1UITests.xctest; sourceTree = BUILT_PRODUCTS_DIR; };
		1635F56622A52BE10071D960 /* CoreDataDemo1UITests.swift */ = {isa = PBXFileReference; lastKnownFileType = sourcecode.swift; path = CoreDataDemo1UITests.swift; sourceTree = "<group>"; };
		1635F56822A52BE10071D960 /* Info.plist */ = {isa = PBXFileReference; lastKnownFileType = text.plist.xml; path = Info.plist; sourceTree = "<group>"; };
/* End PBXFileReference section */

/* Begin PBXFrameworksBuildPhase section */
		1635F53D22A52BE00071D960 /* Frameworks */ = {
			isa = PBXFrameworksBuildPhase;
			buildActionMask = 2147483647;
			files = (
			);
			runOnlyForDeploymentPostprocessing = 0;
		};
		1635F55422A52BE10071D960 /* Frameworks */ = {
			isa = PBXFrameworksBuildPhase;
			buildActionMask = 2147483647;
			files = (
			);
			runOnlyForDeploymentPostprocessing = 0;
		};
		1635F55F22A52BE10071D960 /* Frameworks */ = {
			isa = PBXFrameworksBuildPhase;
			buildActionMask = 2147483647;
			files = (
			);
			runOnlyForDeploymentPostprocessing = 0;
		};
/* End PBXFrameworksBuildPhase section */

/* Begin PBXGroup section */
		1635F53722A52BE00071D960 = {
			isa = PBXGroup;
			children = (
				1635F54222A52BE00071D960 /* CoreDataDemo1 */,
				1635F55A22A52BE10071D960 /* CoreDataDemo1Tests */,
				1635F56522A52BE10071D960 /* CoreDataDemo1UITests */,
				1635F54122A52BE00071D960 /* Products */,
			);
			sourceTree = "<group>";
		};
		1635F54122A52BE00071D960 /* Products */ = {
			isa = PBXGroup;
			children = (
				1635F54022A52BE00071D960 /* CoreDataDemo1.app */,
				1635F55722A52BE10071D960 /* CoreDataDemo1Tests.xctest */,
				1635F56222A52BE10071D960 /* CoreDataDemo1UITests.xctest */,
			);
			name = Products;
			sourceTree = "<group>";
		};
		1635F54222A52BE00071D960 /* CoreDataDemo1 */ = {
			isa = PBXGroup;
			children = (
				1635F54322A52BE00071D960 /* AppDelegate.swift */,
				1635F54522A52BE00071D960 /* ViewController.swift */,
				1635F54722A52BE00071D960 /* Main.storyboard */,
				1635F54D22A52BE10071D960 /* Assets.xcassets */,
				1635F54F22A52BE10071D960 /* LaunchScreen.storyboard */,
				1635F55222A52BE10071D960 /* Info.plist */,
				1635F54A22A52BE00071D960 /* CoreDataDemo1.xcdatamodeld */,
			);
			path = CoreDataDemo1;
			sourceTree = "<group>";
		};
		1635F55A22A52BE10071D960 /* CoreDataDemo1Tests */ = {
			isa = PBXGroup;
			children = (
				1635F55B22A52BE10071D960 /* CoreDataDemo1Tests.swift */,
				1635F55D22A52BE10071D960 /* Info.plist */,
			);
			path = CoreDataDemo1Tests;
			sourceTree = "<group>";
		};
		1635F56522A52BE10071D960 /* CoreDataDemo1UITests */ = {
			isa = PBXGroup;
			children = (
				1635F56622A52BE10071D960 /* CoreDataDemo1UITests.swift */,
				1635F56822A52BE10071D960 /* Info.plist */,
			);
			path = CoreDataDemo1UITests;
			sourceTree = "<group>";
		};
/* End PBXGroup section */

/* Begin PBXNativeTarget section */
		1635F53F22A52BE00071D960 /* CoreDataDemo1 */ = {
			isa = PBXNativeTarget;
			buildConfigurationList = 1635F56B22A52BE10071D960 /* Build configuration list for PBXNativeTarget "CoreDataDemo1" */;
			buildPhases = (
				1635F53C22A52BE00071D960 /* Sources */,
				1635F53D22A52BE00071D960 /* Frameworks */,
				1635F53E22A52BE00071D960 /* Resources */,
			);
			buildRules = (
			);
			dependencies = (
			);
			name = CoreDataDemo1;
			productName = CoreDataDemo1;
			productReference = 1635F54022A52BE00071D960 /* CoreDataDemo1.app */;
			productType = "com.apple.product-type.application";
		};
		1635F55622A52BE10071D960 /* CoreDataDemo1Tests */ = {
			isa = PBXNativeTarget;
			buildConfigurationList = 1635F56E22A52BE10071D960 /* Build configuration list for PBXNativeTarget "CoreDataDemo1Tests" */;
			buildPhases = (
				1635F55322A52BE10071D960 /* Sources */,
				1635F55422A52BE10071D960 /* Frameworks */,
				1635F55522A52BE10071D960 /* Resources */,
			);
			buildRules = (
			);
			dependencies = (
				1635F55922A52BE10071D960 /* PBXTargetDependency */,
			);
			name = CoreDataDemo1Tests;
			productName = CoreDataDemo1Tests;
			productReference = 1635F55722A52BE10071D960 /* CoreDataDemo1Tests.xctest */;
			productType = "com.apple.product-type.bundle.unit-test";
		};
		1635F56122A52BE10071D960 /* CoreDataDemo1UITests */ = {
			isa = PBXNativeTarget;
			buildConfigurationList = 1635F57122A52BE10071D960 /* Build configuration list for PBXNativeTarget "CoreDataDemo1UITests" */;
			buildPhases = (
				1635F55E22A52BE10071D960 /* Sources */,
				1635F55F22A52BE10071D960 /* Frameworks */,
				1635F56022A52BE10071D960 /* Resources */,
			);
			buildRules = (
			);
			dependencies = (
				1635F56422A52BE10071D960 /* PBXTargetDependency */,
			);
			name = CoreDataDemo1UITests;
			productName = CoreDataDemo1UITests;
			productReference = 1635F56222A52BE10071D960 /* CoreDataDemo1UITests.xctest */;
			productType = "com.apple.product-type.bundle.ui-testing";
		};
/* End PBXNativeTarget section */

/* Begin PBXProject section */
		1635F53822A52BE00071D960 /* Project object */ = {
			isa = PBXProject;
			attributes = {
				LastSwiftUpdateCheck = 1020;
				LastUpgradeCheck = 1020;
				ORGANIZATIONNAME = Meenal;
				TargetAttributes = {
					1635F53F22A52BE00071D960 = {
						CreatedOnToolsVersion = 10.2.1;
					};
					1635F55622A52BE10071D960 = {
						CreatedOnToolsVersion = 10.2.1;
						TestTargetID = 1635F53F22A52BE00071D960;
					};
					1635F56122A52BE10071D960 = {
						CreatedOnToolsVersion = 10.2.1;
						TestTargetID = 1635F53F22A52BE00071D960;
					};
				};
			};
			buildConfigurationList = 1635F53B22A52BE00071D960 /* Build configuration list for PBXProject "CoreDataDemo1" */;
			compatibilityVersion = "Xcode 9.3";
			developmentRegion = en;
			hasScannedForEncodings = 0;
			knownRegions = (
				en,
				Base,
			);
			mainGroup = 1635F53722A52BE00071D960;
			productRefGroup = 1635F54122A52BE00071D960 /* Products */;
			projectDirPath = "";
			projectRoot = "";
			targets = (
				1635F53F22A52BE00071D960 /* CoreDataDemo1 */,
				1635F55622A52BE10071D960 /* CoreDataDemo1Tests */,
				1635F56122A52BE10071D960 /* CoreDataDemo1UITests */,
			);
		};
/* End PBXProject section */

/* Begin PBXResourcesBuildPhase section */
		1635F53E22A52BE00071D960 /* Resources */ = {
			isa = PBXResourcesBuildPhase;
			buildActionMask = 2147483647;
			files = (
				1635F55122A52BE10071D960 /* LaunchScreen.storyboard in Resources */,
				1635F54E22A52BE10071D960 /* Assets.xcassets in Resources */,
				1635F54922A52BE00071D960 /* Main.storyboard in Resources */,
			);
			runOnlyForDeploymentPostprocessing = 0;
		};
		1635F55522A52BE10071D960 /* Resources */ = {
			isa = PBXResourcesBuildPhase;
			buildActionMask = 2147483647;
			files = (
			);
			runOnlyForDeploymentPostprocessing = 0;
		};
		1635F56022A52BE10071D960 /* Resources */ = {
			isa = PBXResourcesBuildPhase;
			buildActionMask = 2147483647;
			files = (
			);
			runOnlyForDeploymentPostprocessing = 0;
		};
/* End PBXResourcesBuildPhase section */

/* Begin PBXSourcesBuildPhase section */
		1635F53C22A52BE00071D960 /* Sources */ = {
			isa = PBXSourcesBuildPhase;
			buildActionMask = 2147483647;
			files = (
				1635F54622A52BE00071D960 /* ViewController.swift in Sources */,
				1635F54422A52BE00071D960 /* AppDelegate.swift in Sources */,
				1635F54C22A52BE00071D960 /* CoreDataDemo1.xcdatamodeld in Sources */,
			);
			runOnlyForDeploymentPostprocessing = 0;
		};
		1635F55322A52BE10071D960 /* Sources */ = {
			isa = PBXSourcesBuildPhase;
			buildActionMask = 2147483647;
			files = (
				1635F55C22A52BE10071D960 /* CoreDataDemo1Tests.swift in Sources */,
			);
			runOnlyForDeploymentPostprocessing = 0;
		};
		1635F55E22A52BE10071D960 /* Sources */ = {
			isa = PBXSourcesBuildPhase;
			buildActionMask = 2147483647;
			files = (
				1635F56722A52BE10071D960 /* CoreDataDemo1UITests.swift in Sources */,
			);
			runOnlyForDeploymentPostprocessing = 0;
		};
/* End PBXSourcesBuildPhase section */

/* Begin PBXTargetDependency section */
		1635F55922A52BE10071D960 /* PBXTargetDependency */ = {
			isa = PBXTargetDependency;
			target = 1635F53F22A52BE00071D960 /* CoreDataDemo1 */;
			targetProxy = 1635F55822A52BE10071D960 /* PBXContainerItemProxy */;
		};
		1635F56422A52BE10071D960 /* PBXTargetDependency */ = {
			isa = PBXTargetDependency;
			target = 1635F53F22A52BE00071D960 /* CoreDataDemo1 */;
			targetProxy = 1635F56322A52BE10071D960 /* PBXContainerItemProxy */;
		};
/* End PBXTargetDependency section */

/* Begin PBXVariantGroup section */
		1635F54722A52BE00071D960 /* Main.storyboard */ = {
			isa = PBXVariantGroup;
			children = (
				1635F54822A52BE00071D960 /* Base */,
			);
			name = Main.storyboard;
			sourceTree = "<group>";
		};
		1635F54F22A52BE10071D960 /* LaunchScreen.storyboard */ = {
			isa = PBXVariantGroup;
			children = (
				1635F55022A52BE10071D960 /* Base */,
			);
			name = LaunchScreen.storyboard;
			sourceTree = "<group>";
		};
/* End PBXVariantGroup section */

/* Begin XCBuildConfiguration section */
		1635F56922A52BE10071D960 /* Debug */ = {
			isa = XCBuildConfiguration;
			buildSettings = {
				ALWAYS_SEARCH_USER_PATHS = NO;
				CLANG_ANALYZER_NONNULL = YES;
				CLANG_ANALYZER_NUMBER_OBJECT_CONVERSION = YES_AGGRESSIVE;
				CLANG_CXX_LANGUAGE_STANDARD = "gnu++14";
				CLANG_CXX_LIBRARY = "libc++";
				CLANG_ENABLE_MODULES = YES;
				CLANG_ENABLE_OBJC_ARC = YES;
				CLANG_ENABLE_OBJC_WEAK = YES;
				CLANG_WARN_BLOCK_CAPTURE_AUTORELEASING = YES;
				CLANG_WARN_BOOL_CONVERSION = YES;
				CLANG_WARN_COMMA = YES;
				CLANG_WARN_CONSTANT_CONVERSION = YES;
				CLANG_WARN_DEPRECATED_OBJC_IMPLEMENTATIONS = YES;
				CLANG_WARN_DIRECT_OBJC_ISA_USAGE = YES_ERROR;
				CLANG_WARN_DOCUMENTATION_COMMENTS = YES;
				CLANG_WARN_EMPTY_BODY = YES;
				CLANG_WARN_ENUM_CONVERSION = YES;
				CLANG_WARN_INFINITE_RECURSION = YES;
				CLANG_WARN_INT_CONVERSION = YES;
				CLANG_WARN_NON_LITERAL_NULL_CONVERSION = YES;
				CLANG_WARN_OBJC_IMPLICIT_RETAIN_SELF = YES;
				CLANG_WARN_OBJC_LITERAL_CONVERSION = YES;
				CLANG_WARN_OBJC_ROOT_CLASS = YES_ERROR;
				CLANG_WARN_RANGE_LOOP_ANALYSIS = YES;
				CLANG_WARN_STRICT_PROTOTYPES = YES;
				CLANG_WARN_SUSPICIOUS_MOVE = YES;
				CLANG_WARN_UNGUARDED_AVAILABILITY = YES_AGGRESSIVE;
				CLANG_WARN_UNREACHABLE_CODE = YES;
				CLANG_WARN__DUPLICATE_METHOD_MATCH = YES;
				CODE_SIGN_IDENTITY = "iPhone Developer";
				COPY_PHASE_STRIP = NO;
				DEBUG_INFORMATION_FORMAT = dwarf;
				ENABLE_STRICT_OBJC_MSGSEND = YES;
				ENABLE_TESTABILITY = YES;
				GCC_C_LANGUAGE_STANDARD = gnu11;
				GCC_DYNAMIC_NO_PIC = NO;
				GCC_NO_COMMON_BLOCKS = YES;
				GCC_OPTIMIZATION_LEVEL = 0;
				GCC_PREPROCESSOR_DEFINITIONS = (
					"DEBUG=1",
					"$(inherited)",
				);
				GCC_WARN_64_TO_32_BIT_CONVERSION = YES;
				GCC_WARN_ABOUT_RETURN_TYPE = YES_ERROR;
				GCC_WARN_UNDECLARED_SELECTOR = YES;
				GCC_WARN_UNINITIALIZED_AUTOS = YES_AGGRESSIVE;
				GCC_WARN_UNUSED_FUNCTION = YES;
				GCC_WARN_UNUSED_VARIABLE = YES;
				IPHONEOS_DEPLOYMENT_TARGET = 12.2;
				MTL_ENABLE_DEBUG_INFO = INCLUDE_SOURCE;
				MTL_FAST_MATH = YES;
				ONLY_ACTIVE_ARCH = YES;
				SDKROOT = iphoneos;
				SWIFT_ACTIVE_COMPILATION_CONDITIONS = DEBUG;
				SWIFT_OPTIMIZATION_LEVEL = "-Onone";
			};
			name = Debug;
		};
		1635F56A22A52BE10071D960 /* Release */ = {
			isa = XCBuildConfiguration;
			buildSettings = {
				ALWAYS_SEARCH_USER_PATHS = NO;
				CLANG_ANALYZER_NONNULL = YES;
				CLANG_ANALYZER_NUMBER_OBJECT_CONVERSION = YES_AGGRESSIVE;
				CLANG_CXX_LANGUAGE_STANDARD = "gnu++14";
				CLANG_CXX_LIBRARY = "libc++";
				CLANG_ENABLE_MODULES = YES;
				CLANG_ENABLE_OBJC_ARC = YES;
				CLANG_ENABLE_OBJC_WEAK = YES;
				CLANG_WARN_BLOCK_CAPTURE_AUTORELEASING = YES;
				CLANG_WARN_BOOL_CONVERSION = YES;
				CLANG_WARN_COMMA = YES;
				CLANG_WARN_CONSTANT_CONVERSION = YES;
				CLANG_WARN_DEPRECATED_OBJC_IMPLEMENTATIONS = YES;
				CLANG_WARN_DIRECT_OBJC_ISA_USAGE = YES_ERROR;
				CLANG_WARN_DOCUMENTATION_COMMENTS = YES;
				CLANG_WARN_EMPTY_BODY = YES;
				CLANG_WARN_ENUM_CONVERSION = YES;
				CLANG_WARN_INFINITE_RECURSION = YES;
				CLANG_WARN_INT_CONVERSION = YES;
				CLANG_WARN_NON_LITERAL_NULL_CONVERSION = YES;
				CLANG_WARN_OBJC_IMPLICIT_RETAIN_SELF = YES;
				CLANG_WARN_OBJC_LITERAL_CONVERSION = YES;
				CLANG_WARN_OBJC_ROOT_CLASS = YES_ERROR;
				CLANG_WARN_RANGE_LOOP_ANALYSIS = YES;
				CLANG_WARN_STRICT_PROTOTYPES = YES;
				CLANG_WARN_SUSPICIOUS_MOVE = YES;
				CLANG_WARN_UNGUARDED_AVAILABILITY = YES_AGGRESSIVE;
				CLANG_WARN_UNREACHABLE_CODE = YES;
				CLANG_WARN__DUPLICATE_METHOD_MATCH = YES;
				CODE_SIGN_IDENTITY = "iPhone Developer";
				COPY_PHASE_STRIP = NO;
				DEBUG_INFORMATION_FORMAT = "dwarf-with-dsym";
				ENABLE_NS_ASSERTIONS = NO;
				ENABLE_STRICT_OBJC_MSGSEND = YES;
				GCC_C_LANGUAGE_STANDARD = gnu11;
				GCC_NO_COMMON_BLOCKS = YES;
				GCC_WARN_64_TO_32_BIT_CONVERSION = YES;
				GCC_WARN_ABOUT_RETURN_TYPE = YES_ERROR;
				GCC_WARN_UNDECLARED_SELECTOR = YES;
				GCC_WARN_UNINITIALIZED_AUTOS = YES_AGGRESSIVE;
				GCC_WARN_UNUSED_FUNCTION = YES;
				GCC_WARN_UNUSED_VARIABLE = YES;
				IPHONEOS_DEPLOYMENT_TARGET = 12.2;
				MTL_ENABLE_DEBUG_INFO = NO;
				MTL_FAST_MATH = YES;
				SDKROOT = iphoneos;
				SWIFT_COMPILATION_MODE = wholemodule;
				SWIFT_OPTIMIZATION_LEVEL = "-O";
				VALIDATE_PRODUCT = YES;
			};
			name = Release;
		};
		1635F56C22A52BE10071D960 /* Debug */ = {
			isa = XCBuildConfiguration;
			buildSettings = {
				ASSETCATALOG_COMPILER_APPICON_NAME = AppIcon;
				CODE_SIGN_STYLE = Automatic;
				INFOPLIST_FILE = CoreDataDemo1/Info.plist;
				LD_RUNPATH_SEARCH_PATHS = (
					"$(inherited)",
					"@executable_path/Frameworks",
				);
				PRODUCT_BUNDLE_IDENTIFIER = Happykrafts.CoreDataDemo1;
				PRODUCT_NAME = "$(TARGET_NAME)";
				SWIFT_VERSION = 5.0;
				TARGETED_DEVICE_FAMILY = "1,2";
			};
			name = Debug;
		};
		1635F56D22A52BE10071D960 /* Release */ = {
			isa = XCBuildConfiguration;
			buildSettings = {
				ASSETCATALOG_COMPILER_APPICON_NAME = AppIcon;
				CODE_SIGN_STYLE = Automatic;
				INFOPLIST_FILE = CoreDataDemo1/Info.plist;
				LD_RUNPATH_SEARCH_PATHS = (
					"$(inherited)",
					"@executable_path/Frameworks",
				);
				PRODUCT_BUNDLE_IDENTIFIER = Happykrafts.CoreDataDemo1;
				PRODUCT_NAME = "$(TARGET_NAME)";
				SWIFT_VERSION = 5.0;
				TARGETED_DEVICE_FAMILY = "1,2";
			};
			name = Release;
		};
		1635F56F22A52BE10071D960 /* Debug */ = {
			isa = XCBuildConfiguration;
			buildSettings = {
				ALWAYS_EMBED_SWIFT_STANDARD_LIBRARIES = YES;
				BUNDLE_LOADER = "$(TEST_HOST)";
				CODE_SIGN_STYLE = Automatic;
				INFOPLIST_FILE = CoreDataDemo1Tests/Info.plist;
				LD_RUNPATH_SEARCH_PATHS = (
					"$(inherited)",
					"@executable_path/Frameworks",
					"@loader_path/Frameworks",
				);
				PRODUCT_BUNDLE_IDENTIFIER = Happykrafts.CoreDataDemo1Tests;
				PRODUCT_NAME = "$(TARGET_NAME)";
				SWIFT_VERSION = 5.0;
				TARGETED_DEVICE_FAMILY = "1,2";
				TEST_HOST = "$(BUILT_PRODUCTS_DIR)/CoreDataDemo1.app/CoreDataDemo1";
			};
			name = Debug;
		};
		1635F57022A52BE10071D960 /* Release */ = {
			isa = XCBuildConfiguration;
			buildSettings = {
				ALWAYS_EMBED_SWIFT_STANDARD_LIBRARIES = YES;
				BUNDLE_LOADER = "$(TEST_HOST)";
				CODE_SIGN_STYLE = Automatic;
				INFOPLIST_FILE = CoreDataDemo1Tests/Info.plist;
				LD_RUNPATH_SEARCH_PATHS = (
					"$(inherited)",
					"@executable_path/Frameworks",
					"@loader_path/Frameworks",
				);
				PRODUCT_BUNDLE_IDENTIFIER = Happykrafts.CoreDataDemo1Tests;
				PRODUCT_NAME = "$(TARGET_NAME)";
				SWIFT_VERSION = 5.0;
				TARGETED_DEVICE_FAMILY = "1,2";
				TEST_HOST = "$(BUILT_PRODUCTS_DIR)/CoreDataDemo1.app/CoreDataDemo1";
			};
			name = Release;
		};
		1635F57222A52BE10071D960 /* Debug */ = {
			isa = XCBuildConfiguration;
			buildSettings = {
				ALWAYS_EMBED_SWIFT_STANDARD_LIBRARIES = YES;
				CODE_SIGN_STYLE = Automatic;
				INFOPLIST_FILE = CoreDataDemo1UITests/Info.plist;
				LD_RUNPATH_SEARCH_PATHS = (
					"$(inherited)",
					"@executable_path/Frameworks",
					"@loader_path/Frameworks",
				);
				PRODUCT_BUNDLE_IDENTIFIER = Happykrafts.CoreDataDemo1UITests;
				PRODUCT_NAME = "$(TARGET_NAME)";
				SWIFT_VERSION = 5.0;
				TARGETED_DEVICE_FAMILY = "1,2";
				TEST_TARGET_NAME = CoreDataDemo1;
			};
			name = Debug;
		};
		1635F57322A52BE10071D960 /* Release */ = {
			isa = XCBuildConfiguration;
			buildSettings = {
				ALWAYS_EMBED_SWIFT_STANDARD_LIBRARIES = YES;
				CODE_SIGN_STYLE = Automatic;
				INFOPLIST_FILE = CoreDataDemo1UITests/Info.plist;
				LD_RUNPATH_SEARCH_PATHS = (
					"$(inherited)",
					"@executable_path/Frameworks",
					"@loader_path/Frameworks",
				);
				PRODUCT_BUNDLE_IDENTIFIER = Happykrafts.CoreDataDemo1UITests;
				PRODUCT_NAME = "$(TARGET_NAME)";
				SWIFT_VERSION = 5.0;
				TARGETED_DEVICE_FAMILY = "1,2";
				TEST_TARGET_NAME = CoreDataDemo1;
			};
			name = Release;
		};
/* End XCBuildConfiguration section */

/* Begin XCConfigurationList section */
		1635F53B22A52BE00071D960 /* Build configuration list for PBXProject "CoreDataDemo1" */ = {
			isa = XCConfigurationList;
			buildConfigurations = (
				1635F56922A52BE10071D960 /* Debug */,
				1635F56A22A52BE10071D960 /* Release */,
			);
			defaultConfigurationIsVisible = 0;
			defaultConfigurationName = Release;
		};
		1635F56B22A52BE10071D960 /* Build configuration list for PBXNativeTarget "CoreDataDemo1" */ = {
			isa = XCConfigurationList;
			buildConfigurations = (
				1635F56C22A52BE10071D960 /* Debug */,
				1635F56D22A52BE10071D960 /* Release */,
			);
			defaultConfigurationIsVisible = 0;
			defaultConfigurationName = Release;
		};
		1635F56E22A52BE10071D960 /* Build configuration list for PBXNativeTarget "CoreDataDemo1Tests" */ = {
			isa = XCConfigurationList;
			buildConfigurations = (
				1635F56F22A52BE10071D960 /* Debug */,
				1635F57022A52BE10071D960 /* Release */,
			);
			defaultConfigurationIsVisible = 0;
			defaultConfigurationName = Release;
		};
		1635F57122A52BE10071D960 /* Build configuration list for PBXNativeTarget "CoreDataDemo1UITests" */ = {
			isa = XCConfigurationList;
			buildConfigurations = (
				1635F57222A52BE10071D960 /* Debug */,
				1635F57322A52BE10071D960 /* Release */,
			);
			defaultConfigurationIsVisible = 0;
			defaultConfigurationName = Release;
		};
/* End XCConfigurationList section */

/* Begin XCVersionGroup section */
		1635F54A22A52BE00071D960 /* CoreDataDemo1.xcdatamodeld */ = {
			isa = XCVersionGroup;
			children = (
				1635F54B22A52BE00071D960 /* CoreDataDemo1.xcdatamodel */,
			);
			currentVersion = 1635F54B22A52BE00071D960 /* CoreDataDemo1.xcdatamodel */;
			path = CoreDataDemo1.xcdatamodeld;
			sourceTree = "<group>";
			versionGroupType = wrapper.xcdatamodel;
		};
/* End XCVersionGroup section */
	};
	rootObject = 1635F53822A52BE00071D960 /* Project object */;
}
